// !$*UTF8*$!
{
	archiveVersion = 1;
	classes = {
	};
	objectVersion = 46;
	objects = {

/* Begin PBXBuildFile section */
		7CE4107C1B8566BB00477F31 /* main.m in Sources */ = {isa = PBXBuildFile; fileRef = 7CE4107B1B8566BB00477F31 /* main.m */; };
		7CE4107F1B8566BB00477F31 /* AppDelegate.m in Sources */ = {isa = PBXBuildFile; fileRef = 7CE4107E1B8566BB00477F31 /* AppDelegate.m */; };
		7CE410821B8566BB00477F31 /* ViewController.m in Sources */ = {isa = PBXBuildFile; fileRef = 7CE410811B8566BB00477F31 /* ViewController.m */; };
		7CE410851B8566BB00477F31 /* Main.storyboard in Resources */ = {isa = PBXBuildFile; fileRef = 7CE410831B8566BB00477F31 /* Main.storyboard */; };
		7CE410871B8566BB00477F31 /* Images.xcassets in Resources */ = {isa = PBXBuildFile; fileRef = 7CE410861B8566BB00477F31 /* Images.xcassets */; };
		7CE4108A1B8566BB00477F31 /* LaunchScreen.xib in Resources */ = {isa = PBXBuildFile; fileRef = 7CE410881B8566BB00477F31 /* LaunchScreen.xib */; };
		7CE410961B8566BB00477F31 /* QCNightSchemaTests.m in Sources */ = {isa = PBXBuildFile; fileRef = 7CE410951B8566BB00477F31 /* QCNightSchemaTests.m */; };
/* End PBXBuildFile section */

/* Begin PBXContainerItemProxy section */
		7CE410901B8566BB00477F31 /* PBXContainerItemProxy */ = {
			isa = PBXContainerItemProxy;
			containerPortal = 7CE4106E1B8566BB00477F31 /* Project object */;
			proxyType = 1;
			remoteGlobalIDString = 7CE410751B8566BB00477F31;
			remoteInfo = QCNightSchema;
		};
/* End PBXContainerItemProxy section */

/* Begin PBXFileReference section */
		7CE410761B8566BB00477F31 /* QCNightSchema.app */ = {isa = PBXFileReference; explicitFileType = wrapper.application; includeInIndex = 0; path = QCNightSchema.app; sourceTree = BUILT_PRODUCTS_DIR; };
		7CE4107A1B8566BB00477F31 /* Info.plist */ = {isa = PBXFileReference; lastKnownFileType = text.plist.xml; path = Info.plist; sourceTree = "<group>"; };
		7CE4107B1B8566BB00477F31 /* main.m */ = {isa = PBXFileReference; lastKnownFileType = sourcecode.c.objc; path = main.m; sourceTree = "<group>"; };
		7CE4107D1B8566BB00477F31 /* AppDelegate.h */ = {isa = PBXFileReference; lastKnownFileType = sourcecode.c.h; path = AppDelegate.h; sourceTree = "<group>"; };
		7CE4107E1B8566BB00477F31 /* AppDelegate.m */ = {isa = PBXFileReference; lastKnownFileType = sourcecode.c.objc; path = AppDelegate.m; sourceTree = "<group>"; };
		7CE410801B8566BB00477F31 /* ViewController.h */ = {isa = PBXFileReference; lastKnownFileType = sourcecode.c.h; path = ViewController.h; sourceTree = "<group>"; };
		7CE410811B8566BB00477F31 /* ViewController.m */ = {isa = PBXFileReference; lastKnownFileType = sourcecode.c.objc; path = ViewController.m; sourceTree = "<group>"; };
		7CE410841B8566BB00477F31 /* Base */ = {isa = PBXFileReference; lastKnownFileType = file.storyboard; name = Base; path = Base.lproj/Main.storyboard; sourceTree = "<group>"; };
		7CE410861B8566BB00477F31 /* Images.xcassets */ = {isa = PBXFileReference; lastKnownFileType = folder.assetcatalog; path = Images.xcassets; sourceTree = "<group>"; };
		7CE410891B8566BB00477F31 /* Base */ = {isa = PBXFileReference; lastKnownFileType = file.xib; name = Base; path = Base.lproj/LaunchScreen.xib; sourceTree = "<group>"; };
		7CE4108F1B8566BB00477F31 /* QCNightSchemaTests.xctest */ = {isa = PBXFileReference; explicitFileType = wrapper.cfbundle; includeInIndex = 0; path = QCNightSchemaTests.xctest; sourceTree = BUILT_PRODUCTS_DIR; };
		7CE410941B8566BB00477F31 /* Info.plist */ = {isa = PBXFileReference; lastKnownFileType = text.plist.xml; path = Info.plist; sourceTree = "<group>"; };
		7CE410951B8566BB00477F31 /* QCNightSchemaTests.m */ = {isa = PBXFileReference; lastKnownFileType = sourcecode.c.objc; path = QCNightSchemaTests.m; sourceTree = "<group>"; };
/* End PBXFileReference section */

/* Begin PBXFrameworksBuildPhase section */
		7CE410731B8566BB00477F31 /* Frameworks */ = {
			isa = PBXFrameworksBuildPhase;
			buildActionMask = 2147483647;
			files = (
			);
			runOnlyForDeploymentPostprocessing = 0;
		};
		7CE4108C1B8566BB00477F31 /* Frameworks */ = {
			isa = PBXFrameworksBuildPhase;
			buildActionMask = 2147483647;
			files = (
			);
			runOnlyForDeploymentPostprocessing = 0;
		};
/* End PBXFrameworksBuildPhase section */

/* Begin PBXGroup section */
		7CE4106D1B8566BB00477F31 = {
			isa = PBXGroup;
			children = (
				7CE410781B8566BB00477F31 /* QCNightSchema */,
				7CE410921B8566BB00477F31 /* QCNightSchemaTests */,
				7CE410771B8566BB00477F31 /* Products */,
			);
			sourceTree = "<group>";
		};
		7CE410771B8566BB00477F31 /* Products */ = {
			isa = PBXGroup;
			children = (
				7CE410761B8566BB00477F31 /* QCNightSchema.app */,
				7CE4108F1B8566BB00477F31 /* QCNightSchemaTests.xctest */,
			);
			name = Products;
			sourceTree = "<group>";
		};
		7CE410781B8566BB00477F31 /* QCNightSchema */ = {
			isa = PBXGroup;
			children = (
				7CE4107D1B8566BB00477F31 /* AppDelegate.h */,
				7CE4107E1B8566BB00477F31 /* AppDelegate.m */,
				7CE410801B8566BB00477F31 /* ViewController.h */,
				7CE410811B8566BB00477F31 /* ViewController.m */,
				7CE410831B8566BB00477F31 /* Main.storyboard */,
				7CE410861B8566BB00477F31 /* Images.xcassets */,
				7CE410881B8566BB00477F31 /* LaunchScreen.xib */,
				7CE410791B8566BB00477F31 /* Supporting Files */,
			);
			path = QCNightSchema;
			sourceTree = "<group>";
		};
		7CE410791B8566BB00477F31 /* Supporting Files */ = {
			isa = PBXGroup;
			children = (
				7CE4107A1B8566BB00477F31 /* Info.plist */,
				7CE4107B1B8566BB00477F31 /* main.m */,
			);
			name = "Supporting Files";
			sourceTree = "<group>";
		};
		7CE410921B8566BB00477F31 /* QCNightSchemaTests */ = {
			isa = PBXGroup;
			children = (
				7CE410951B8566BB00477F31 /* QCNightSchemaTests.m */,
				7CE410931B8566BB00477F31 /* Supporting Files */,
			);
			path = QCNightSchemaTests;
			sourceTree = "<group>";
		};
		7CE410931B8566BB00477F31 /* Supporting Files */ = {
			isa = PBXGroup;
			children = (
				7CE410941B8566BB00477F31 /* Info.plist */,
			);
			name = "Supporting Files";
			sourceTree = "<group>";
		};
/* End PBXGroup section */

/* Begin PBXNativeTarget section */
		7CE410751B8566BB00477F31 /* QCNightSchema */ = {
			isa = PBXNativeTarget;
			buildConfigurationList = 7CE410991B8566BB00477F31 /* Build configuration list for PBXNativeTarget "QCNightSchema" */;
			buildPhases = (
				7CE410721B8566BB00477F31 /* Sources */,
				7CE410731B8566BB00477F31 /* Frameworks */,
				7CE410741B8566BB00477F31 /* Resources */,
			);
			buildRules = (
			);
			dependencies = (
			);
			name = QCNightSchema;
			productName = QCNightSchema;
			productReference = 7CE410761B8566BB00477F31 /* QCNightSchema.app */;
			productType = "com.apple.product-type.application";
		};
		7CE4108E1B8566BB00477F31 /* QCNightSchemaTests */ = {
			isa = PBXNativeTarget;
			buildConfigurationList = 7CE4109C1B8566BB00477F31 /* Build configuration list for PBXNativeTarget "QCNightSchemaTests" */;
			buildPhases = (
				7CE4108B1B8566BB00477F31 /* Sources */,
				7CE4108C1B8566BB00477F31 /* Frameworks */,
				7CE4108D1B8566BB00477F31 /* Resources */,
			);
			buildRules = (
			);
			dependencies = (
				7CE410911B8566BB00477F31 /* PBXTargetDependency */,
			);
			name = QCNightSchemaTests;
			productName = QCNightSchemaTests;
			productReference = 7CE4108F1B8566BB00477F31 /* QCNightSchemaTests.xctest */;
			productType = "com.apple.product-type.bundle.unit-test";
		};
/* End PBXNativeTarget section */

/* Begin PBXProject section */
		7CE4106E1B8566BB00477F31 /* Project object */ = {
			isa = PBXProject;
			attributes = {
				LastUpgradeCheck = 0640;
				ORGANIZATIONNAME = QC.L;
				TargetAttributes = {
					7CE410751B8566BB00477F31 = {
						CreatedOnToolsVersion = 6.4;
					};
					7CE4108E1B8566BB00477F31 = {
						CreatedOnToolsVersion = 6.4;
						TestTargetID = 7CE410751B8566BB00477F31;
					};
				};
			};
			buildConfigurationList = 7CE410711B8566BB00477F31 /* Build configuration list for PBXProject "QCNightSchema" */;
			compatibilityVersion = "Xcode 3.2";
			developmentRegion = English;
			hasScannedForEncodings = 0;
			knownRegions = (
				en,
				Base,
			);
			mainGroup = 7CE4106D1B8566BB00477F31;
			productRefGroup = 7CE410771B8566BB00477F31 /* Products */;
			projectDirPath = "";
			projectRoot = "";
			targets = (
				7CE410751B8566BB00477F31 /* QCNightSchema */,
				7CE4108E1B8566BB00477F31 /* QCNightSchemaTests */,
			);
		};
/* End PBXProject section */

/* Begin PBXResourcesBuildPhase section */
		7CE410741B8566BB00477F31 /* Resources */ = {
			isa = PBXResourcesBuildPhase;
			buildActionMask = 2147483647;
			files = (
				7CE410851B8566BB00477F31 /* Main.storyboard in Resources */,
				7CE4108A1B8566BB00477F31 /* LaunchScreen.xib in Resources */,
				7CE410871B8566BB00477F31 /* Images.xcassets in Resources */,
			);
			runOnlyForDeploymentPostprocessing = 0;
		};
		7CE4108D1B8566BB00477F31 /* Resources */ = {
			isa = PBXResourcesBuildPhase;
			buildActionMask = 2147483647;
			files = (
			);
			runOnlyForDeploymentPostprocessing = 0;
		};
/* End PBXResourcesBuildPhase section */

/* Begin PBXSourcesBuildPhase section */
		7CE410721B8566BB00477F31 /* Sources */ = {
			isa = PBXSourcesBuildPhase;
			buildActionMask = 2147483647;
			files = (
				7CE410821B8566BB00477F31 /* ViewController.m in Sources */,
				7CE4107F1B8566BB00477F31 /* AppDelegate.m in Sources */,
				7CE4107C1B8566BB00477F31 /* main.m in Sources */,
			);
			runOnlyForDeploymentPostprocessing = 0;
		};
		7CE4108B1B8566BB00477F31 /* Sources */ = {
			isa = PBXSourcesBuildPhase;
			buildActionMask = 2147483647;
			files = (
				7CE410961B8566BB00477F31 /* QCNightSchemaTests.m in Sources */,
			);
			runOnlyForDeploymentPostprocessing = 0;
		};
/* End PBXSourcesBuildPhase section */

/* Begin PBXTargetDependency section */
		7CE410911B8566BB00477F31 /* PBXTargetDependency */ = {
			isa = PBXTargetDependency;
			target = 7CE410751B8566BB00477F31 /* QCNightSchema */;
			targetProxy = 7CE410901B8566BB00477F31 /* PBXContainerItemProxy */;
		};
/* End PBXTargetDependency section */

/* Begin PBXVariantGroup section */
		7CE410831B8566BB00477F31 /* Main.storyboard */ = {
			isa = PBXVariantGroup;
			children = (
				7CE410841B8566BB00477F31 /* Base */,
			);
			name = Main.storyboard;
			sourceTree = "<group>";
		};
		7CE410881B8566BB00477F31 /* LaunchScreen.xib */ = {
			isa = PBXVariantGroup;
			children = (
				7CE410891B8566BB00477F31 /* Base */,
			);
			name = LaunchScreen.xib;
			sourceTree = "<group>";
		};
/* End PBXVariantGroup section */

/* Begin XCBuildConfiguration section */
		7CE410971B8566BB00477F31 /* Debug */ = {
			isa = XCBuildConfiguration;
			buildSettings = {
				ALWAYS_SEARCH_USER_PATHS = NO;
				CLANG_CXX_LANGUAGE_STANDARD = "gnu++0x";
				CLANG_CXX_LIBRARY = "libc++";
				CLANG_ENABLE_MODULES = YES;
				CLANG_ENABLE_OBJC_ARC = YES;
				CLANG_WARN_BOOL_CONVERSION = YES;
				CLANG_WARN_CONSTANT_CONVERSION = YES;
				CLANG_WARN_DIRECT_OBJC_ISA_USAGE = YES_ERROR;
				CLANG_WARN_EMPTY_BODY = YES;
				CLANG_WARN_ENUM_CONVERSION = YES;
				CLANG_WARN_INT_CONVERSION = YES;
				CLANG_WARN_OBJC_ROOT_CLASS = YES_ERROR;
				CLANG_WARN_UNREACHABLE_CODE = YES;
				CLANG_WARN__DUPLICATE_METHOD_MATCH = YES;
				"CODE_SIGN_IDENTITY[sdk=iphoneos*]" = "iPhone Developer";
				COPY_PHASE_STRIP = NO;
				DEBUG_INFORMATION_FORMAT = "dwarf-with-dsym";
				ENABLE_STRICT_OBJC_MSGSEND = YES;
				GCC_C_LANGUAGE_STANDARD = gnu99;
				GCC_DYNAMIC_NO_PIC = NO;
				GCC_NO_COMMON_BLOCKS = YES;
				GCC_OPTIMIZATION_LEVEL = 0;
				GCC_PREPROCESSOR_DEFINITIONS = (
					"DEBUG=1",
					"$(inherited)",
				);
				GCC_SYMBOLS_PRIVATE_EXTERN = NO;
				GCC_WARN_64_TO_32_BIT_CONVERSION = YES;
				GCC_WARN_ABOUT_RETURN_TYPE = YES_ERROR;
				GCC_WARN_UNDECLARED_SELECTOR = YES;
				GCC_WARN_UNINITIALIZED_AUTOS = YES_AGGRESSIVE;
				GCC_WARN_UNUSED_FUNCTION = YES;
				GCC_WARN_UNUSED_VARIABLE = YES;
				IPHONEOS_DEPLOYMENT_TARGET = 8.4;
				MTL_ENABLE_DEBUG_INFO = YES;
				ONLY_ACTIVE_ARCH = YES;
				SDKROOT = iphoneos;
			};
			name = Debug;
		};
		7CE410981B8566BB00477F31 /* Release */ = {
			isa = XCBuildConfiguration;
			buildSettings = {
				ALWAYS_SEARCH_USER_PATHS = NO;
				CLANG_CXX_LANGUAGE_STANDARD = "gnu++0x";
				CLANG_CXX_LIBRARY = "libc++";
				CLANG_ENABLE_MODULES = YES;
				CLANG_ENABLE_OBJC_ARC = YES;
				CLANG_WARN_BOOL_CONVERSION = YES;
				CLANG_WARN_CONSTANT_CONVERSION = YES;
				CLANG_WARN_DIRECT_OBJC_ISA_USAGE = YES_ERROR;
				CLANG_WARN_EMPTY_BODY = YES;
				CLANG_WARN_ENUM_CONVERSION = YES;
				CLANG_WARN_INT_CONVERSION = YES;
				CLANG_WARN_OBJC_ROOT_CLASS = YES_ERROR;
				CLANG_WARN_UNREACHABLE_CODE = YES;
				CLANG_WARN__DUPLICATE_METHOD_MATCH = YES;
				"CODE_SIGN_IDENTITY[sdk=iphoneos*]" = "iPhone Developer";
				COPY_PHASE_STRIP = NO;
				DEBUG_INFORMATION_FORMAT = "dwarf-with-dsym";
				ENABLE_NS_ASSERTIONS = NO;
				ENABLE_STRICT_OBJC_MSGSEND = YES;
				GCC_C_LANGUAGE_STANDARD = gnu99;
				GCC_NO_COMMON_BLOCKS = YES;
				GCC_WARN_64_TO_32_BIT_CONVERSION = YES;
				GCC_WARN_ABOUT_RETURN_TYPE = YES_ERROR;
				GCC_WARN_UNDECLARED_SELECTOR = YES;
				GCC_WARN_UNINITIALIZED_AUTOS = YES_AGGRESSIVE;
				GCC_WARN_UNUSED_FUNCTION = YES;
				GCC_WARN_UNUSED_VARIABLE = YES;
				IPHONEOS_DEPLOYMENT_TARGET = 8.4;
				MTL_ENABLE_DEBUG_INFO = NO;
				SDKROOT = iphoneos;
				VALIDATE_PRODUCT = YES;
			};
			name = Release;
		};
		7CE4109A1B8566BB00477F31 /* Debug */ = {
			isa = XCBuildConfiguration;
			buildSettings = {
				ASSETCATALOG_COMPILER_APPICON_NAME = AppIcon;
				INFOPLIST_FILE = QCNightSchema/Info.plist;
				LD_RUNPATH_SEARCH_PATHS = "$(inherited) @executable_path/Frameworks";
				PRODUCT_NAME = "$(TARGET_NAME)";
			};
			name = Debug;
		};
		7CE4109B1B8566BB00477F31 /* Release */ = {
			isa = XCBuildConfiguration;
			buildSettings = {
				ASSETCATALOG_COMPILER_APPICON_NAME = AppIcon;
				INFOPLIST_FILE = QCNightSchema/Info.plist;
				LD_RUNPATH_SEARCH_PATHS = "$(inherited) @executable_path/Frameworks";
				PRODUCT_NAME = "$(TARGET_NAME)";
			};
			name = Release;
		};
		7CE4109D1B8566BB00477F31 /* Debug */ = {
			isa = XCBuildConfiguration;
			buildSettings = {
				BUNDLE_LOADER = "$(TEST_HOST)";
				FRAMEWORK_SEARCH_PATHS = (
					"$(SDKROOT)/Developer/Library/Frameworks",
					"$(inherited)",
				);
				GCC_PREPROCESSOR_DEFINITIONS = (
					"DEBUG=1",
					"$(inherited)",
				);
				INFOPLIST_FILE = QCNightSchemaTests/Info.plist;
				LD_RUNPATH_SEARCH_PATHS = "$(inherited) @executable_path/Frameworks @loader_path/Frameworks";
				PRODUCT_NAME = "$(TARGET_NAME)";
				TEST_HOST = "$(BUILT_PRODUCTS_DIR)/QCNightSchema.app/QCNightSchema";
			};
			name = Debug;
		};
		7CE4109E1B8566BB00477F31 /* Release */ = {
			isa = XCBuildConfiguration;
			buildSettings = {
				BUNDLE_LOADER = "$(TEST_HOST)";
				FRAMEWORK_SEARCH_PATHS = (
					"$(SDKROOT)/Developer/Library/Frameworks",
					"$(inherited)",
				);
				INFOPLIST_FILE = QCNightSchemaTests/Info.plist;
				LD_RUNPATH_SEARCH_PATHS = "$(inherited) @executable_path/Frameworks @loader_path/Frameworks";
				PRODUCT_NAME = "$(TARGET_NAME)";
				TEST_HOST = "$(BUILT_PRODUCTS_DIR)/QCNightSchema.app/QCNightSchema";
			};
			name = Release;
		};
/* End XCBuildConfiguration section */

/* Begin XCConfigurationList section */
		7CE410711B8566BB00477F31 /* Build configuration list for PBXProject "QCNightSchema" */ = {
			isa = XCConfigurationList;
			buildConfigurations = (
				7CE410971B8566BB00477F31 /* Debug */,
				7CE410981B8566BB00477F31 /* Release */,
			);
			defaultConfigurationIsVisible = 0;
			defaultConfigurationName = Release;
		};
		7CE410991B8566BB00477F31 /* Build configuration list for PBXNativeTarget "QCNightSchema" */ = {
			isa = XCConfigurationList;
			buildConfigurations = (
				7CE4109A1B8566BB00477F31 /* Debug */,
				7CE4109B1B8566BB00477F31 /* Release */,
			);
			defaultConfigurationIsVisible = 0;
		};
		7CE4109C1B8566BB00477F31 /* Build configuration list for PBXNativeTarget "QCNightSchemaTests" */ = {
			isa = XCConfigurationList;
			buildConfigurations = (
				7CE4109D1B8566BB00477F31 /* Debug */,
				7CE4109E1B8566BB00477F31 /* Release */,
			);
			defaultConfigurationIsVisible = 0;
		};
/* End XCConfigurationList section */
	};
	rootObject = 7CE4106E1B8566BB00477F31 /* Project object */;
}
